{
  "requires": true,
  "lockfileVersion": 1,
  "dependencies": {
    "@react-navigation/core": {
      "version": "5.4.0",
      "resolved": "https://registry.npmjs.org/@react-navigation/core/-/core-5.4.0.tgz",
      "integrity": "sha512-tDmfw7nzbJg186cXHUPl/VYEGSepzBXNiHRv4GTxLQ+S9cnZgPyrGv56kiSvHhxCzyNGN0nHscCY9IUv08KL6Q==",
      "requires": {
        "@react-navigation/routers": "^5.4.2",
        "escape-string-regexp": "^2.0.0",
        "nanoid": "^3.0.2",
        "query-string": "^6.12.0",
        "react-is": "^16.13.0",
        "use-subscription": "^1.4.0"
      }
    },
    "@react-navigation/native": {
      "version": "5.2.3",
      "resolved": "https://registry.npmjs.org/@react-navigation/native/-/native-5.2.3.tgz",
      "integrity": "sha512-fQfW506n9eTwBGiUbuxSvI7DTBXwR3IqAlooBCUHRJC0WiuSUm3aGg6eESJc8nW1A64hu33i/ITf10mn3Ec6Tg==",
      "requires": {
        "@react-navigation/core": "^5.4.0"
      }
    },
    "@react-navigation/routers": {
      "version": "5.4.2",
      "resolved": "https://registry.npmjs.org/@react-navigation/routers/-/routers-5.4.2.tgz",
      "integrity": "sha512-YjGv4H0LXD2YnDjSBAJzIKzlZehFRqWfR2IJtZor/mfLkOi6qDl8yJeqZKbLEeQsu6o6493QdxM81tqX293kyQ==",
      "requires": {
        "nanoid": "^3.0.2"
      }
    },
    "decode-uri-component": {
      "version": "0.2.0",
      "resolved": "https://registry.npmjs.org/decode-uri-component/-/decode-uri-component-0.2.0.tgz",
      "integrity": "sha1-6zkTMzRYd1y4TNGh+uBiEGu4dUU="
    },
    "escape-string-regexp": {
      "version": "2.0.0",
      "resolved": "https://registry.npmjs.org/escape-string-regexp/-/escape-string-regexp-2.0.0.tgz",
      "integrity": "sha512-UpzcLCXolUWcNu5HtVMHYdXJjArjsF9C0aNnquZYY4uW/Vu0miy5YoWvbV345HauVvcAUnpRuhMMcqTcGOY2+w=="
    },
    "nanoid": {
      "version": "3.1.4",
      "resolved": "https://registry.npmjs.org/nanoid/-/nanoid-3.1.4.tgz",
      "integrity": "sha512-ycTkPSwmUmEdtvPPuszyOCm+Fzw+/AngWkaJ52oZ6l4Mdhh/yNNrWflAzrXbSn3v1mL+GBl6qegU6w6ml5JSWw=="
    },
    "object-assign": {
      "version": "4.1.1",
      "resolved": "https://registry.npmjs.org/object-assign/-/object-assign-4.1.1.tgz",
      "integrity": "sha1-IQmtx5ZYh8/AXLvUQsrIv7s2CGM="
    },
    "query-string": {
      "version": "6.12.1",
      "resolved": "https://registry.npmjs.org/query-string/-/query-string-6.12.1.tgz",
      "integrity": "sha512-OHj+zzfRMyj3rmo/6G8a5Ifvw3AleL/EbcHMD27YA31Q+cO5lfmQxECkImuNVjcskLcvBRVHNAB3w6udMs1eAA==",
      "requires": {
        "decode-uri-component": "^0.2.0",
        "split-on-first": "^1.0.0",
        "strict-uri-encode": "^2.0.0"
      }
    },
    "react-is": {
      "version": "16.13.1",
      "resolved": "https://registry.npmjs.org/react-is/-/react-is-16.13.1.tgz",
      "integrity": "sha512-24e6ynE2H+OKt4kqsOvNd8kBpV65zoxbA4BVsEOB3ARVWQki/DHzaUoC5KuON/BiccDaCCTZBuOcfZs70kR8bQ=="
    },
    "split-on-first": {
      "version": "1.1.0",
      "resolved": "https://registry.npmjs.org/split-on-first/-/split-on-first-1.1.0.tgz",
      "integrity": "sha512-43ZssAJaMusuKWL8sKUBQXHWOpq8d6CfN/u1p4gUzfJkM05C8rxTmYrkIPTXapZpORA6LkkzcUulJ8FqA7Uudw=="
    },
    "strict-uri-encode": {
      "version": "2.0.0",
      "resolved": "https://registry.npmjs.org/strict-uri-encode/-/strict-uri-encode-2.0.0.tgz",
      "integrity": "sha1-ucczDHBChi9rFC3CdLvMWGbONUY="
    },
    "use-subscription": {
      "version": "1.4.1",
      "resolved": "https://registry.npmjs.org/use-subscription/-/use-subscription-1.4.1.tgz",
      "integrity": "sha512-7+IIwDG/4JICrWHL/Q/ZPK5yozEnvRm6vHImu0LKwQlmWGKeiF7mbAenLlK/cTNXrTtXHU/SFASQHzB6+oSJMQ==",
      "requires": {
        "object-assign": "^4.1.1"
      }
    }
  }
}
